
Microsoft Visual Studio Solution File, Format Version 12.00
# Visual Studio Version 16
VisualStudioVersion = 16.0.29911.84
MinimumVisualStudioVersion = 10.0.40219.1
Project("{FAE04EC0-301F-11D3-BF4B-00C04F79EFBC}") = "whamess", "whamess\whamess.csproj", "{8AAB02FF-B0B8-448C-A7B8-4E26AD656E12}"
EndProject
Global
	GlobalSection(SolutionConfigurationPlatforms) = preSolution
		Debug|Any CPU = Debug|Any CPU
		Release|Any CPU = Release|Any CPU
	EndGlobalSection
	GlobalSection(ProjectConfigurationPlatforms) = postSolution
		{8AAB02FF-B0B8-448C-A7B8-4E26AD656E12}.Debug|Any CPU.ActiveCfg = Debug|Any CPU
		{8AAB02FF-B0B8-448C-A7B8-4E26AD656E12}.Debug|Any CPU.Build.0 = Debug|Any CPU
		{8AAB02FF-B0B8-448C-A7B8-4E26AD656E12}.Release|Any CPU.ActiveCfg = Release|Any CPU
		{8AAB02FF-B0B8-448C-A7B8-4E26AD656E12}.Release|Any CPU.Build.0 = Release|Any CPU
	EndGlobalSection
	GlobalSection(SolutionProperties) = preSolution
		HideSolutionNode = FALSE
	EndGlobalSection
	GlobalSection(ExtensibilityGlobals) = postSolution
		SolutionGuid = {736E1CFC-B9B0-49DC-98D5-F050F3D7FB2E}
	EndGlobalSection
EndGlobal
